
Microsoft Visual Studio Solution File, Format Version 10.00
# Visual Studio 2008
Project("{8BC9CEB8-8B4A-11D0-8D11-00A0C91BC942}") = "all_qp", "all_qp.vcproj", "{1EE92189-915C-4D13-B750-85F356038EF4}"
	ProjectSection(ProjectDependencies) = postProject
		{4C8344BD-39DD-4598-A043-B24CE683A1A2} = {4C8344BD-39DD-4598-A043-B24CE683A1A2}
		{403B8756-32C5-4ECA-81B5-21B85273D466} = {403B8756-32C5-4ECA-81B5-21B85273D466}
		{7379717F-5E3D-4221-9E48-387841AF387A} = {7379717F-5E3D-4221-9E48-387841AF387A}
	EndProjectSection
EndProject
Project("{8BC9CEB8-8B4A-11D0-8D11-00A0C91BC942}") = "qep", "qep.vcproj", "{4C8344BD-39DD-4598-A043-B24CE683A1A2}"
EndProject
Project("{8BC9CEB8-8B4A-11D0-8D11-00A0C91BC942}") = "qf", "qf.vcproj", "{403B8756-32C5-4ECA-81B5-21B85273D466}"
EndProject
Project("{8BC9CEB8-8B4A-11D0-8D11-00A0C91BC942}") = "qs", "qs.vcproj", "{7379717F-5E3D-4221-9E48-387841AF387A}"
EndProject
Global
	GlobalSection(SolutionConfigurationPlatforms) = preSolution
		Debug|Win32 = Debug|Win32
		Release|Win32 = Release|Win32
		Spy|Win32 = Spy|Win32
	EndGlobalSection
	GlobalSection(ProjectConfigurationPlatforms) = postSolution
		{1EE92189-915C-4D13-B750-85F356038EF4}.Debug|Win32.ActiveCfg = Debug|Win32
		{1EE92189-915C-4D13-B750-85F356038EF4}.Debug|Win32.Build.0 = Debug|Win32
		{1EE92189-915C-4D13-B750-85F356038EF4}.Release|Win32.ActiveCfg = Release|Win32
		{1EE92189-915C-4D13-B750-85F356038EF4}.Release|Win32.Build.0 = Release|Win32
		{1EE92189-915C-4D13-B750-85F356038EF4}.Spy|Win32.ActiveCfg = Spy|Win32
		{1EE92189-915C-4D13-B750-85F356038EF4}.Spy|Win32.Build.0 = Spy|Win32
		{4C8344BD-39DD-4598-A043-B24CE683A1A2}.Debug|Win32.ActiveCfg = Debug|Win32
		{4C8344BD-39DD-4598-A043-B24CE683A1A2}.Debug|Win32.Build.0 = Debug|Win32
		{4C8344BD-39DD-4598-A043-B24CE683A1A2}.Release|Win32.ActiveCfg = Release|Win32
		{4C8344BD-39DD-4598-A043-B24CE683A1A2}.Release|Win32.Build.0 = Release|Win32
		{4C8344BD-39DD-4598-A043-B24CE683A1A2}.Spy|Win32.ActiveCfg = Spy|Win32
		{4C8344BD-39DD-4598-A043-B24CE683A1A2}.Spy|Win32.Build.0 = Spy|Win32
		{403B8756-32C5-4ECA-81B5-21B85273D466}.Debug|Win32.ActiveCfg = Debug|Win32
		{403B8756-32C5-4ECA-81B5-21B85273D466}.Debug|Win32.Build.0 = Debug|Win32
		{403B8756-32C5-4ECA-81B5-21B85273D466}.Release|Win32.ActiveCfg = Release|Win32
		{403B8756-32C5-4ECA-81B5-21B85273D466}.Release|Win32.Build.0 = Release|Win32
		{403B8756-32C5-4ECA-81B5-21B85273D466}.Spy|Win32.ActiveCfg = Spy|Win32
		{403B8756-32C5-4ECA-81B5-21B85273D466}.Spy|Win32.Build.0 = Spy|Win32
		{7379717F-5E3D-4221-9E48-387841AF387A}.Debug|Win32.ActiveCfg = Spy|Win32
		{7379717F-5E3D-4221-9E48-387841AF387A}.Debug|Win32.Build.0 = Spy|Win32
		{7379717F-5E3D-4221-9E48-387841AF387A}.Release|Win32.ActiveCfg = Spy|Win32
		{7379717F-5E3D-4221-9E48-387841AF387A}.Release|Win32.Build.0 = Spy|Win32
		{7379717F-5E3D-4221-9E48-387841AF387A}.Spy|Win32.ActiveCfg = Spy|Win32
		{7379717F-5E3D-4221-9E48-387841AF387A}.Spy|Win32.Build.0 = Spy|Win32
	EndGlobalSection
	GlobalSection(SolutionProperties) = preSolution
		HideSolutionNode = FALSE
	EndGlobalSection
EndGlobal
