<?xml version="1.0" encoding="utf-8"?>
<Project ToolsVersion="4.0" xmlns="http://schemas.microsoft.com/developer/msbuild/2003">
  <ItemGroup>
    <Filter Include="QP_port">
      <UniqueIdentifier>{553ace6f-efbf-49d9-be33-15209894492c}</UniqueIdentifier>
    </Filter>
    <Filter Include="QP">
      <UniqueIdentifier>{f23cedd0-0f13-4d39-b4f1-77eaa32e87fd}</UniqueIdentifier>
    </Filter>
    <Filter Include="QS">
      <UniqueIdentifier>{83db361d-b95e-42e4-aec7-b7a40473cacb}</UniqueIdentifier>
    </Filter>
  </ItemGroup>
  <ItemGroup>
    <ClCompile Include="..\..\src\qf\qep_hsm.cpp">
      <Filter>QP</Filter>
    </ClCompile>
    <ClCompile Include="..\..\src\qf\qep_msm.cpp">
      <Filter>QP</Filter>
    </ClCompile>
    <ClCompile Include="..\..\src\qf\qf_act.cpp">
      <Filter>QP</Filter>
    </ClCompile>
    <ClCompile Include="..\..\src\qf\qf_defer.cpp">
      <Filter>QP</Filter>
    </ClCompile>
    <ClCompile Include="..\..\src\qf\qf_dyn.cpp">
      <Filter>QP</Filter>
    </ClCompile>
    <ClCompile Include="..\..\src\qf\qf_mem.cpp">
      <Filter>QP</Filter>
    </ClCompile>
    <ClCompile Include="..\..\src\qf\qf_ps.cpp">
      <Filter>QP</Filter>
    </ClCompile>
    <ClCompile Include="..\..\src\qf\qf_qact.cpp">
      <Filter>QP</Filter>
    </ClCompile>
    <ClCompile Include="..\..\src\qf\qf_qeq.cpp">
      <Filter>QP</Filter>
    </ClCompile>
    <ClCompile Include="..\..\src\qf\qf_qmact.cpp">
      <Filter>QP</Filter>
    </ClCompile>
    <ClCompile Include="..\..\src\qs\qs.cpp">
      <Filter>QS</Filter>
    </ClCompile>
    <ClCompile Include="..\..\src\qs\qs_64bit.cpp">
      <Filter>QS</Filter>
    </ClCompile>
    <ClCompile Include="..\..\src\qs\qs_fp.cpp">
      <Filter>QS</Filter>
    </ClCompile>
    <ClCompile Include="..\..\src\qs\qs_rx.cpp">
      <Filter>QS</Filter>
    </ClCompile>
    <ClCompile Include="..\..\src\qs\qutest.cpp">
      <Filter>QS</Filter>
    </ClCompile>
    <ClCompile Include="qutest_port.cpp">
      <Filter>QP_port</Filter>
    </ClCompile>
    <ClCompile Include="..\..\src\qf\qf_time.cpp">
      <Filter>QP</Filter>
    </ClCompile>
    <ClCompile Include="..\..\src\qf\qf_actq.cpp" />
  </ItemGroup>
  <ItemGroup>
    <ClInclude Include="qf_port.hpp">
      <Filter>QP_port</Filter>
    </ClInclude>
    <ClInclude Include="qs_port.hpp">
      <Filter>QP_port</Filter>
    </ClInclude>
    <ClInclude Include="qep_port.hpp">
      <Filter>QP_port</Filter>
    </ClInclude>
  </ItemGroup>
</Project>