<?xml version="1.0" encoding="utf-8"?>
<Project ToolsVersion="4.0" xmlns="http://schemas.microsoft.com/developer/msbuild/2003">
  <ItemGroup>
    <ClCompile Include="..\..\..\..\GitHub\ET\et.c" />
    <ClCompile Include="..\..\..\..\GitHub\ET\bsp_host.c" />
    <ClCompile Include="..\..\src\qs\qs.cpp" />
    <ClCompile Include="..\..\src\qs\qstamp.cpp" />
    <ClCompile Include="..\..\src\qs\qs_rx.cpp" />
    <ClCompile Include="test.cpp" />
  </ItemGroup>
  <ItemGroup>
    <Filter Include="src">
      <UniqueIdentifier>{ca98b393-b6d6-4f0f-8d96-ee6821a59d87}</UniqueIdentifier>
    </Filter>
    <Filter Include="ET">
      <UniqueIdentifier>{6e759350-7436-4cde-b0b3-c2eb2a7f276b}</UniqueIdentifier>
    </Filter>
  </ItemGroup>
  <ItemGroup>
    <ClInclude Include="..\..\..\..\GitHub\ET\et.h" />
  </ItemGroup>
</Project>